
Microsoft Visual Studio Solution File, Format Version 12.00
# Visual Studio Version 16
VisualStudioVersion = 16.0.31702.278
MinimumVisualStudioVersion = 10.0.40219.1
Project("{9A19103F-16F7-4668-BE54-9A1E7A4F7556}") = "ComputeExtremum", "ComputeExtremum\ComputeExtremum.csproj", "{1C8697A1-1C28-4318-87FD-2601FCE2FA23}"
EndProject
Project("{FAE04EC0-301F-11D3-BF4B-00C04F79EFBC}") = "ComputeExtremum.Tests", "ComputeExtremum.Tests\ComputeExtremum.Tests.csproj", "{E94EC63B-4635-4466-8F64-5ECE46217A51}"
	ProjectSection(ProjectDependencies) = postProject
		{1C8697A1-1C28-4318-87FD-2601FCE2FA23} = {1C8697A1-1C28-4318-87FD-2601FCE2FA23}
	EndProjectSection
EndProject
Global
	GlobalSection(SolutionConfigurationPlatforms) = preSolution
		Debug|Any CPU = Debug|Any CPU
		Release|Any CPU = Release|Any CPU
	EndGlobalSection
	GlobalSection(ProjectConfigurationPlatforms) = postSolution
		{1C8697A1-1C28-4318-87FD-2601FCE2FA23}.Debug|Any CPU.ActiveCfg = Debug|Any CPU
		{1C8697A1-1C28-4318-87FD-2601FCE2FA23}.Debug|Any CPU.Build.0 = Debug|Any CPU
		{1C8697A1-1C28-4318-87FD-2601FCE2FA23}.Release|Any CPU.ActiveCfg = Release|Any CPU
		{1C8697A1-1C28-4318-87FD-2601FCE2FA23}.Release|Any CPU.Build.0 = Release|Any CPU
		{E94EC63B-4635-4466-8F64-5ECE46217A51}.Debug|Any CPU.ActiveCfg = Debug|Any CPU
		{E94EC63B-4635-4466-8F64-5ECE46217A51}.Debug|Any CPU.Build.0 = Debug|Any CPU
		{E94EC63B-4635-4466-8F64-5ECE46217A51}.Release|Any CPU.ActiveCfg = Release|Any CPU
		{E94EC63B-4635-4466-8F64-5ECE46217A51}.Release|Any CPU.Build.0 = Release|Any CPU
	EndGlobalSection
	GlobalSection(SolutionProperties) = preSolution
		HideSolutionNode = FALSE
	EndGlobalSection
	GlobalSection(ExtensibilityGlobals) = postSolution
		SolutionGuid = {CB8BA249-B12B-46A9-8E6B-CEE1B10DF7C0}
	EndGlobalSection
EndGlobal
